
Microsoft Visual Studio Solution File, Format Version 12.00
# Visual Studio Version 17
VisualStudioVersion = 17.2.32630.192
MinimumVisualStudioVersion = 10.0.40219.1
Project("{FAE04EC0-301F-11D3-BF4B-00C04F79EFBC}") = "TutorialsEU_MassEmailSender", "TutorialsEU_MassEmailSender.csproj", "{B84BF89B-1270-4F04-93C1-670D90690305}"
EndProject
Global
	GlobalSection(SolutionConfigurationPlatforms) = preSolution
		Debug|Any CPU = Debug|Any CPU
		Release|Any CPU = Release|Any CPU
	EndGlobalSection
	GlobalSection(ProjectConfigurationPlatforms) = postSolution
		{B84BF89B-1270-4F04-93C1-670D90690305}.Debug|Any CPU.ActiveCfg = Debug|Any CPU
		{B84BF89B-1270-4F04-93C1-670D90690305}.Debug|Any CPU.Build.0 = Debug|Any CPU
		{B84BF89B-1270-4F04-93C1-670D90690305}.Release|Any CPU.ActiveCfg = Release|Any CPU
		{B84BF89B-1270-4F04-93C1-670D90690305}.Release|Any CPU.Build.0 = Release|Any CPU
	EndGlobalSection
	GlobalSection(SolutionProperties) = preSolution
		HideSolutionNode = FALSE
	EndGlobalSection
	GlobalSection(ExtensibilityGlobals) = postSolution
		SolutionGuid = {98FCF26F-F091-41A2-A65B-6B3F72B35120}
	EndGlobalSection
EndGlobal
